{
  "version": 4,
  "terraform_version": "1.6.6",
  "serial": 25,
  "lineage": "a814a6a2-5166-7cfc-85f9-b6b01003b420",
  "outputs": {},
  "resources": [
    {
      "mode": "managed",
      "type": "kubernetes_namespace",
      "name": "web-application-namespace",
      "provider": "provider[\"registry.terraform.io/hashicorp/kubernetes\"]",
      "instances": [
        {
          "schema_version": 0,
          "attributes": {
            "id": "basic-production",
            "metadata": [
              {
                "annotations": null,
                "generate_name": "",
                "generation": 0,
                "labels": null,
                "name": "basic-production",
                "resource_version": "222684",
                "uid": "ded55f02-8359-448a-984f-77d25c882be4"
              }
            ],
            "timeouts": null,
            "wait_for_default_service_account": false
          },
          "sensitive_attributes": [],
          "private": "eyJlMmJmYjczMC1lY2FhLTExZTYtOGY4OC0zNDM2M2JjN2M0YzAiOnsiZGVsZXRlIjozMDAwMDAwMDAwMDB9fQ=="
        }
      ]
    },
    {
      "module": "module.helm_release",
      "mode": "managed",
      "type": "helm_release",
      "name": "helm_resource",
      "provider": "module.helm_release.provider[\"registry.terraform.io/hashicorp/helm\"]",
      "instances": [
        {
          "schema_version": 1,
          "attributes": {
            "atomic": false,
            "chart": "../../../charts/nginx_basic",
            "cleanup_on_fail": false,
            "create_namespace": false,
            "dependency_update": false,
            "description": null,
            "devel": null,
            "disable_crd_hooks": false,
            "disable_openapi_validation": false,
            "disable_webhooks": false,
            "force_update": false,
            "id": "web-app",
            "keyring": null,
            "lint": false,
            "manifest": null,
            "max_history": 0,
            "metadata": [
              {
                "app_version": "1.0.0",
                "chart": "nginx_basic",
                "first_deployed": 1740258368,
                "last_deployed": 1740258368,
                "name": "web-app",
                "namespace": "basic-production",
                "notes": "",
                "revision": 1,
                "values": "{\"hpa\":{\"enabled\":true,\"maxReplicas\":8,\"minReplicas\":2,\"targetCPUUtilizationPercentage\":70},\"ingress\":{\"className\":\"nginx\",\"enabled\":true,\"hosts\":[{\"host\":\"p-myapp.local\",\"paths\":[{\"path\":\"/\",\"pathType\":\"Prefix\"}]}]},\"service\":{\"type\":\"ClusterIP\"}}",
                "version": "1.0.0"
              }
            ],
            "name": "web-app",
            "namespace": "basic-production",
            "pass_credentials": false,
            "postrender": [],
            "recreate_pods": false,
            "render_subchart_notes": true,
            "replace": false,
            "repository": null,
            "repository_ca_file": null,
            "repository_cert_file": null,
            "repository_key_file": null,
            "repository_password": null,
            "repository_username": null,
            "reset_values": false,
            "reuse_values": false,
            "set": [],
            "set_list": [],
            "set_sensitive": [],
            "skip_crds": false,
            "status": "deployed",
            "timeout": 300,
            "upgrade_install": null,
            "values": [
              "\"hpa\":\n  \"enabled\": true\n  \"maxReplicas\": 8\n  \"minReplicas\": 2\n  \"targetCPUUtilizationPercentage\": 70\n\"ingress\":\n  \"className\": \"nginx\"\n  \"enabled\": true\n  \"hosts\":\n  - \"host\": \"p-myapp.local\"\n    \"paths\":\n    - \"path\": \"/\"\n      \"pathType\": \"Prefix\"\n\"service\":\n  \"type\": \"ClusterIP\"\n"
            ],
            "verify": false,
            "version": "1.0.0",
            "wait": true,
            "wait_for_jobs": false
          },
          "sensitive_attributes": [],
          "private": "eyJzY2hlbWFfdmVyc2lvbiI6IjEifQ==",
          "dependencies": [
            "kubernetes_namespace.web-application-namespace"
          ]
        }
      ]
    }
  ],
  "check_results": null
}
